
Microsoft Visual Studio Solution File, Format Version 12.00
# Visual Studio Version 17
VisualStudioVersion = 17.1.32328.378
MinimumVisualStudioVersion = 10.0.40219.1
Project("{9A19103F-16F7-4668-BE54-9A1E7A4F7556}") = "MiddlewareArchivos", "MiddlewareArchivos\MiddlewareArchivos.csproj", "{B4484234-7164-4CD1-B9B2-272D9D7B7BFC}"
EndProject
Project("{FAE04EC0-301F-11D3-BF4B-00C04F79EFBC}") = "MiddlewareArchivosService", "MiddlewareArchivosService\MiddlewareArchivosService.csproj", "{24502FFD-D145-4C43-8484-0110416EE614}"
EndProject
Global
	GlobalSection(SolutionConfigurationPlatforms) = preSolution
		Debug|Any CPU = Debug|Any CPU
		Release|Any CPU = Release|Any CPU
	EndGlobalSection
	GlobalSection(ProjectConfigurationPlatforms) = postSolution
		{B4484234-7164-4CD1-B9B2-272D9D7B7BFC}.Debug|Any CPU.ActiveCfg = Debug|Any CPU
		{B4484234-7164-4CD1-B9B2-272D9D7B7BFC}.Debug|Any CPU.Build.0 = Debug|Any CPU
		{B4484234-7164-4CD1-B9B2-272D9D7B7BFC}.Release|Any CPU.ActiveCfg = Release|Any CPU
		{B4484234-7164-4CD1-B9B2-272D9D7B7BFC}.Release|Any CPU.Build.0 = Release|Any CPU
		{24502FFD-D145-4C43-8484-0110416EE614}.Debug|Any CPU.ActiveCfg = Debug|Any CPU
		{24502FFD-D145-4C43-8484-0110416EE614}.Debug|Any CPU.Build.0 = Debug|Any CPU
		{24502FFD-D145-4C43-8484-0110416EE614}.Release|Any CPU.ActiveCfg = Release|Any CPU
		{24502FFD-D145-4C43-8484-0110416EE614}.Release|Any CPU.Build.0 = Release|Any CPU
	EndGlobalSection
	GlobalSection(SolutionProperties) = preSolution
		HideSolutionNode = FALSE
	EndGlobalSection
	GlobalSection(ExtensibilityGlobals) = postSolution
		SolutionGuid = {29684893-E61C-4B26-A669-F86529060F37}
	EndGlobalSection
EndGlobal
